
Microsoft Visual Studio Solution File, Format Version 12.00
# Visual Studio Version 16
VisualStudioVersion = 16.0.30907.101
MinimumVisualStudioVersion = 10.0.40219.1
Project("{9A19103F-16F7-4668-BE54-9A1E7A4F7556}") = "SignalRChat", "SignalRChat\SignalRChat.csproj", "{B2B127E5-BCA6-4328-B4A6-6805F3D8817E}"
EndProject
Project("{9A19103F-16F7-4668-BE54-9A1E7A4F7556}") = "SignalR.API", "SignalR.API\SignalR.API.csproj", "{DBFDEA97-DC38-4F7A-9BAF-FD590CAF80FF}"
EndProject
Project("{9A19103F-16F7-4668-BE54-9A1E7A4F7556}") = "SignalR.Hubs", "SignalR.Hubs\SignalR.Hubs.csproj", "{CE39B180-1C42-43F3-A81E-5BF7FC1A3F96}"
EndProject
Project("{FAE04EC0-301F-11D3-BF4B-00C04F79EFBC}") = "SignalR.Data", "SignalR.Data\SignalR.Data.csproj", "{6C2AF5C5-F47A-415F-960B-7BFBD9DB7ECC}"
EndProject
Global
	GlobalSection(SolutionConfigurationPlatforms) = preSolution
		Debug|Any CPU = Debug|Any CPU
		Release|Any CPU = Release|Any CPU
	EndGlobalSection
	GlobalSection(ProjectConfigurationPlatforms) = postSolution
		{B2B127E5-BCA6-4328-B4A6-6805F3D8817E}.Debug|Any CPU.ActiveCfg = Debug|Any CPU
		{B2B127E5-BCA6-4328-B4A6-6805F3D8817E}.Debug|Any CPU.Build.0 = Debug|Any CPU
		{B2B127E5-BCA6-4328-B4A6-6805F3D8817E}.Release|Any CPU.ActiveCfg = Release|Any CPU
		{B2B127E5-BCA6-4328-B4A6-6805F3D8817E}.Release|Any CPU.Build.0 = Release|Any CPU
		{DBFDEA97-DC38-4F7A-9BAF-FD590CAF80FF}.Debug|Any CPU.ActiveCfg = Debug|Any CPU
		{DBFDEA97-DC38-4F7A-9BAF-FD590CAF80FF}.Debug|Any CPU.Build.0 = Debug|Any CPU
		{DBFDEA97-DC38-4F7A-9BAF-FD590CAF80FF}.Release|Any CPU.ActiveCfg = Release|Any CPU
		{DBFDEA97-DC38-4F7A-9BAF-FD590CAF80FF}.Release|Any CPU.Build.0 = Release|Any CPU
		{CE39B180-1C42-43F3-A81E-5BF7FC1A3F96}.Debug|Any CPU.ActiveCfg = Debug|Any CPU
		{CE39B180-1C42-43F3-A81E-5BF7FC1A3F96}.Debug|Any CPU.Build.0 = Debug|Any CPU
		{CE39B180-1C42-43F3-A81E-5BF7FC1A3F96}.Release|Any CPU.ActiveCfg = Release|Any CPU
		{CE39B180-1C42-43F3-A81E-5BF7FC1A3F96}.Release|Any CPU.Build.0 = Release|Any CPU
		{6C2AF5C5-F47A-415F-960B-7BFBD9DB7ECC}.Debug|Any CPU.ActiveCfg = Debug|Any CPU
		{6C2AF5C5-F47A-415F-960B-7BFBD9DB7ECC}.Debug|Any CPU.Build.0 = Debug|Any CPU
		{6C2AF5C5-F47A-415F-960B-7BFBD9DB7ECC}.Release|Any CPU.ActiveCfg = Release|Any CPU
		{6C2AF5C5-F47A-415F-960B-7BFBD9DB7ECC}.Release|Any CPU.Build.0 = Release|Any CPU
	EndGlobalSection
	GlobalSection(SolutionProperties) = preSolution
		HideSolutionNode = FALSE
	EndGlobalSection
	GlobalSection(ExtensibilityGlobals) = postSolution
		SolutionGuid = {95253FBC-349B-49D9-A150-D70760C8BC17}
	EndGlobalSection
EndGlobal
